{
  "version": 4,
  "terraform_version": "1.1.4",
  "serial": 116,
  "lineage": "3655e096-cd8e-3128-5bf7-064642ff6f3f",
  "outputs": {
    "aws_endpoint": {
      "value": "3.10.255.149",
      "type": "string"
    }
  },
  "resources": [
    {
      "mode": "data",
      "type": "aws_caller_identity",
      "name": "vm_aws",
      "provider": "provider[\"registry.terraform.io/hashicorp/aws\"]",
      "instances": [
        {
          "schema_version": 0,
          "attributes": {
            "account_id": "033721306154",
            "arn": "arn:aws:iam::033721306154:user/terraform",
            "id": "033721306154",
            "user_id": "AIDAQPWPSJQVAUZJPVMVC"
          },
          "sensitive_attributes": []
        }
      ]
    },
    {
      "mode": "data",
      "type": "aws_region",
      "name": "vm_aws",
      "provider": "provider[\"registry.terraform.io/hashicorp/aws\"]",
      "instances": [
        {
          "schema_version": 0,
          "attributes": {
            "description": "Europe (London)",
            "endpoint": "ec2.eu-west-2.amazonaws.com",
            "id": "eu-west-2",
            "name": "eu-west-2"
          },
          "sensitive_attributes": []
        }
      ]
    },
    {
      "mode": "managed",
      "type": "aws_default_security_group",
      "name": "example_vn_aws",
      "provider": "provider[\"registry.terraform.io/hashicorp/aws\"]",
      "instances": [
        {
          "schema_version": 1,
          "attributes": {
            "arn": "arn:aws:ec2:eu-west-2:033721306154:security-group/sg-06e1b863192614b11",
            "description": "default VPC security group",
            "egress": [
              {
                "cidr_blocks": [
                  "0.0.0.0/0"
                ],
                "description": "",
                "from_port": 0,
                "ipv6_cidr_blocks": [],
                "prefix_list_ids": [],
                "protocol": "-1",
                "security_groups": [],
                "self": true,
                "to_port": 0
              }
            ],
            "id": "sg-06e1b863192614b11",
            "ingress": [
              {
                "cidr_blocks": [
                  "0.0.0.0/0"
                ],
                "description": "",
                "from_port": 0,
                "ipv6_cidr_blocks": [],
                "prefix_list_ids": [],
                "protocol": "-1",
                "security_groups": [],
                "self": true,
                "to_port": 0
              }
            ],
            "name": "default",
            "owner_id": "033721306154",
            "revoke_rules_on_delete": false,
            "tags": {
              "Name": "backend"
            },
            "tags_all": {
              "Name": "backend"
            },
            "vpc_id": "vpc-09ad6e747b6a96c80"
          },
          "sensitive_attributes": [],
          "private": "eyJzY2hlbWFfdmVyc2lvbiI6IjEifQ==",
          "dependencies": [
            "aws_vpc.main_vpc"
          ]
        }
      ]
    },
    {
      "mode": "managed",
      "type": "aws_dynamodb_table",
      "name": "user_ddb",
      "provider": "provider[\"registry.terraform.io/hashicorp/aws\"]",
      "instances": [
        {
          "schema_version": 1,
          "attributes": {
            "arn": "arn:aws:dynamodb:eu-west-2:033721306154:table/user_table",
            "attribute": [
              {
                "name": "user_id",
                "type": "S"
              }
            ],
            "billing_mode": "PAY_PER_REQUEST",
            "global_secondary_index": [],
            "hash_key": "user_id",
            "id": "user_table",
            "local_secondary_index": [],
            "name": "user_table",
            "point_in_time_recovery": [
              {
                "enabled": false
              }
            ],
            "range_key": null,
            "read_capacity": 0,
            "replica": [],
            "restore_date_time": null,
            "restore_source_name": null,
            "restore_to_latest_time": null,
            "server_side_encryption": [],
            "stream_arn": "",
            "stream_enabled": false,
            "stream_label": "",
            "stream_view_type": "",
            "table_class": "",
            "tags": {
              "Name": "backend"
            },
            "tags_all": {
              "Name": "backend"
            },
            "timeouts": null,
            "ttl": [
              {
                "attribute_name": "",
                "enabled": false
              }
            ],
            "write_capacity": 0
          },
          "sensitive_attributes": [],
          "private": "eyJlMmJmYjczMC1lY2FhLTExZTYtOGY4OC0zNDM2M2JjN2M0YzAiOnsiY3JlYXRlIjoxODAwMDAwMDAwMDAwLCJkZWxldGUiOjYwMDAwMDAwMDAwMCwidXBkYXRlIjozNjAwMDAwMDAwMDAwfSwic2NoZW1hX3ZlcnNpb24iOiIxIn0="
        }
      ]
    },
    {
      "mode": "managed",
      "type": "aws_eip",
      "name": "ip_aws",
      "provider": "provider[\"registry.terraform.io/hashicorp/aws\"]",
      "instances": [
        {
          "schema_version": 0,
          "attributes": {
            "address": null,
            "allocation_id": "eipalloc-00080c0bbc6f5ab03",
            "associate_with_private_ip": null,
            "association_id": "eipassoc-0f3bcf285f00817f1",
            "carrier_ip": "",
            "customer_owned_ip": "",
            "customer_owned_ipv4_pool": "",
            "domain": "vpc",
            "id": "eipalloc-00080c0bbc6f5ab03",
            "instance": "i-03174ff7b2e9b683d",
            "network_border_group": "eu-west-2",
            "network_interface": "eni-0bb233e198032047c",
            "private_dns": "ip-10-0-1-161.eu-west-2.compute.internal",
            "private_ip": "10.0.1.161",
            "public_dns": "ec2-3-10-255-149.eu-west-2.compute.amazonaws.com",
            "public_ip": "3.10.255.149",
            "public_ipv4_pool": "amazon",
            "tags": {
              "Name": "backend"
            },
            "tags_all": {
              "Name": "backend"
            },
            "timeouts": null,
            "vpc": true
          },
          "sensitive_attributes": [],
          "private": "eyJlMmJmYjczMC1lY2FhLTExZTYtOGY4OC0zNDM2M2JjN2M0YzAiOnsiZGVsZXRlIjoxODAwMDAwMDAwMDAsInJlYWQiOjkwMDAwMDAwMDAwMCwidXBkYXRlIjozMDAwMDAwMDAwMDB9fQ==",
          "dependencies": [
            "aws_dynamodb_table.user_ddb",
            "aws_iam_instance_profile.iam_instance_profile",
            "aws_iam_role.vm_iam",
            "aws_instance.vm",
            "aws_key_pair.vm",
            "aws_s3_bucket.tfstate_bucket",
            "aws_subnet.subnet",
            "aws_vpc.main_vpc"
          ]
        }
      ]
    },
    {
      "mode": "managed",
      "type": "aws_iam_instance_profile",
      "name": "iam_instance_profile",
      "provider": "provider[\"registry.terraform.io/hashicorp/aws\"]",
      "instances": [
        {
          "schema_version": 0,
          "attributes": {
            "arn": "arn:aws:iam::033721306154:instance-profile/backend_iam_profile",
            "create_date": "2022-03-16T16:12:21Z",
            "id": "backend_iam_profile",
            "name": "backend_iam_profile",
            "name_prefix": null,
            "path": "/",
            "role": "backend_iam",
            "tags": {},
            "tags_all": {},
            "unique_id": "AIPAQPWPSJQVCYW7SAWEC"
          },
          "sensitive_attributes": [],
          "private": "bnVsbA==",
          "dependencies": [
            "aws_dynamodb_table.user_ddb",
            "aws_iam_role.vm_iam",
            "aws_s3_bucket.tfstate_bucket"
          ]
        }
      ]
    },
    {
      "mode": "managed",
      "type": "aws_iam_role",
      "name": "vm_iam",
      "provider": "provider[\"registry.terraform.io/hashicorp/aws\"]",
      "instances": [
        {
          "schema_version": 0,
          "attributes": {
            "arn": "arn:aws:iam::033721306154:role/backend_iam",
            "assume_role_policy": "{\"Version\":\"2012-10-17\",\"Statement\":[{\"Effect\":\"Allow\",\"Principal\":{\"Service\":\"ec2.amazonaws.com\"},\"Action\":\"sts:AssumeRole\"}]}",
            "create_date": "2022-03-16T16:12:20Z",
            "description": "",
            "force_detach_policies": false,
            "id": "backend_iam",
            "inline_policy": [
              {
                "name": "vault_policy",
                "policy": "{\"Statement\":[{\"Action\":\"s3:*\",\"Effect\":\"Allow\",\"Resource\":\"arn:aws:s3:::multy-users-tfstate\"},{\"Action\":[\"s3:ListAccessPointsForObjectLambda\",\"s3:GetAccessPoint\",\"s3:PutAccountPublicAccessBlock\",\"s3:ListAccessPoints\",\"dynamodb:ListTables\",\"s3:ListJobs\",\"dynamodb:ListBackups\",\"s3:PutStorageLensConfiguration\",\"dynamodb:PurchaseReservedCapacityOfferings\",\"s3:ListMultiRegionAccessPoints\",\"dynamodb:ListStreams\",\"s3:ListStorageLensConfigurations\",\"dynamodb:ListContributorInsights\",\"s3:GetAccountPublicAccessBlock\",\"dynamodb:DescribeReservedCapacityOfferings\",\"s3:ListAllMyBuckets\",\"dynamodb:ListGlobalTables\",\"s3:PutAccessPointPublicAccessBlock\",\"dynamodb:DescribeReservedCapacity\",\"s3:CreateJob\",\"dynamodb:DescribeLimits\",\"dynamodb:ListExports\"],\"Effect\":\"Allow\",\"Resource\":\"*\"},{\"Action\":\"dynamodb:*\",\"Effect\":\"Allow\",\"Resource\":\"arn:aws:dynamodb:eu-west-2:033721306154:table/user_table\"}],\"Version\":\"2012-10-17\"}"
              }
            ],
            "managed_policy_arns": [],
            "max_session_duration": 3600,
            "name": "backend_iam",
            "name_prefix": "",
            "path": "/",
            "permissions_boundary": null,
            "tags": {
              "Name": "backend"
            },
            "tags_all": {
              "Name": "backend"
            },
            "unique_id": "AROAQPWPSJQVNCMNAQXRA"
          },
          "sensitive_attributes": [],
          "private": "bnVsbA==",
          "dependencies": [
            "aws_dynamodb_table.user_ddb",
            "aws_s3_bucket.tfstate_bucket"
          ]
        }
      ]
    },
    {
      "mode": "managed",
      "type": "aws_instance",
      "name": "vm",
      "provider": "provider[\"registry.terraform.io/hashicorp/aws\"]",
      "instances": [
        {
          "schema_version": 1,
          "attributes": {
            "ami": "ami-0015a39e4b7c0966f",
            "arn": "arn:aws:ec2:eu-west-2:033721306154:instance/i-03174ff7b2e9b683d",
            "associate_public_ip_address": true,
            "availability_zone": "eu-west-2a",
            "capacity_reservation_specification": [
              {
                "capacity_reservation_preference": "open",
                "capacity_reservation_target": []
              }
            ],
            "cpu_core_count": 1,
            "cpu_threads_per_core": 1,
            "credit_specification": [
              {
                "cpu_credits": "standard"
              }
            ],
            "disable_api_termination": false,
            "ebs_block_device": [],
            "ebs_optimized": false,
            "enclave_options": [
              {
                "enabled": false
              }
            ],
            "ephemeral_block_device": [],
            "get_password_data": false,
            "hibernation": false,
            "host_id": null,
            "iam_instance_profile": "backend_iam_profile",
            "id": "i-03174ff7b2e9b683d",
            "instance_initiated_shutdown_behavior": "stop",
            "instance_state": "running",
            "instance_type": "t2.nano",
            "ipv6_address_count": 0,
            "ipv6_addresses": [],
            "key_name": "vm_multy",
            "launch_template": [],
            "metadata_options": [
              {
                "http_endpoint": "enabled",
                "http_put_response_hop_limit": 1,
                "http_tokens": "optional",
                "instance_metadata_tags": "disabled"
              }
            ],
            "monitoring": false,
            "network_interface": [],
            "outpost_arn": "",
            "password_data": "",
            "placement_group": "",
            "placement_partition_number": null,
            "primary_network_interface_id": "eni-0bb233e198032047c",
            "private_dns": "ip-10-0-1-161.eu-west-2.compute.internal",
            "private_ip": "10.0.1.161",
            "public_dns": "ec2-3-10-255-149.eu-west-2.compute.amazonaws.com",
            "public_ip": "3.10.255.149",
            "root_block_device": [
              {
                "delete_on_termination": true,
                "device_name": "/dev/sda1",
                "encrypted": false,
                "iops": 100,
                "kms_key_id": "",
                "tags": {},
                "throughput": 0,
                "volume_id": "vol-032551e64f0febb2d",
                "volume_size": 8,
                "volume_type": "gp2"
              }
            ],
            "secondary_private_ips": [],
            "security_groups": [],
            "source_dest_check": true,
            "subnet_id": "subnet-0326f4667bbdd5d62",
            "tags": {
              "Name": "backend"
            },
            "tags_all": {
              "Name": "backend"
            },
            "tenancy": "default",
            "timeouts": null,
            "user_data": null,
            "user_data_base64": "IyEvYmluL2Jhc2ggLXhlCgp7CmV4cG9ydCBVU0VSU19TM19CVUNLRVRfTkFNRT0nbXVsdHktdXNlcnMtdGZzdGF0ZScKCnN1ZG8gYXB0LWdldCB1cGRhdGUgLXkKc3VkbyBhcHQtZ2V0IC15IGluc3RhbGwgZ2l0IG1ha2UgcHJvdG9idWYtY29tcGlsZXIKCndnZXQgaHR0cHM6Ly9nb2xhbmcub3JnL2RsL2dvMS4xOC5saW51eC1hbWQ2NC50YXIuZ3oKc3VkbyB0YXIgLUMgL3Vzci9sb2NhbCAteHpmIGdvMS4xOC5saW51eC1hbWQ2NC50YXIuZ3oKZXhwb3J0IFBBVEg9JFBBVEg6L3Vzci9sb2NhbC9nby9iaW4KZXhwb3J0IEdPUk9PVD0vdXNyL2xvY2FsL2dvCmV4cG9ydCBHT0NBQ0hFPS9yb290L2dvL2NhY2hlCmV4cG9ydCBHT1BBVEg9fi8uZ28KZXhwb3J0IFBBVEg9JFBBVEg6JEdPUk9PVC9iaW46JEdPUEFUSC9iaW4KZXhwb3J0IEhPTUU9L2hvbWUvdWJ1bnR1CmdvIHZlcnNpb24KZ28gZW52IC13IEdPMTExTU9EVUxFPW9uCnN1ZG8gY2htb2QgLVIgNzc3IC9yb290LwoKZ2l0IGNsb25lIGh0dHBzOi8vZ2l0aHViLmNvbS9tdWx0eWNsb3VkL211bHR5LmdpdApjZCBtdWx0eQpnbyBnZXQgLXUgZ29vZ2xlLmdvbGFuZy5vcmcvcHJvdG9idWYKZ28gaW5zdGFsbCBnb29nbGUuZ29sYW5nLm9yZy9wcm90b2J1Zi9jbWQvcHJvdG9jLWdlbi1nb0B2MS4yNgpnbyBpbnN0YWxsIGdvb2dsZS5nb2xhbmcub3JnL2dycGMvY21kL3Byb3RvYy1nZW4tZ28tZ3JwY0B2MS4xCmdvIGluc3RhbGwgZ29sYW5nLm9yZy94L2xpbnQvZ29saW50QGxhdGVzdApnbyBtb2QgdGlkeQptYWtlIHJ1bgoKfSB8JiB0ZWUgLWEgbG9ncy50eHQ=",
            "volume_tags": null,
            "vpc_security_group_ids": [
              "sg-06e1b863192614b11"
            ]
          },
          "sensitive_attributes": [],
          "private": "eyJlMmJmYjczMC1lY2FhLTExZTYtOGY4OC0zNDM2M2JjN2M0YzAiOnsiY3JlYXRlIjo2MDAwMDAwMDAwMDAsImRlbGV0ZSI6MTIwMDAwMDAwMDAwMCwidXBkYXRlIjo2MDAwMDAwMDAwMDB9LCJzY2hlbWFfdmVyc2lvbiI6IjEifQ==",
          "dependencies": [
            "aws_dynamodb_table.user_ddb",
            "aws_iam_instance_profile.iam_instance_profile",
            "aws_iam_role.vm_iam",
            "aws_key_pair.vm",
            "aws_s3_bucket.tfstate_bucket",
            "aws_subnet.subnet",
            "aws_vpc.main_vpc"
          ]
        }
      ]
    },
    {
      "mode": "managed",
      "type": "aws_internet_gateway",
      "name": "example_vn_aws",
      "provider": "provider[\"registry.terraform.io/hashicorp/aws\"]",
      "instances": [
        {
          "schema_version": 0,
          "attributes": {
            "arn": "arn:aws:ec2:eu-west-2:033721306154:internet-gateway/igw-01f5a1e401f512ac3",
            "id": "igw-01f5a1e401f512ac3",
            "owner_id": "033721306154",
            "tags": {
              "Name": "backend"
            },
            "tags_all": {
              "Name": "backend"
            },
            "vpc_id": "vpc-09ad6e747b6a96c80"
          },
          "sensitive_attributes": [],
          "private": "bnVsbA==",
          "dependencies": [
            "aws_vpc.main_vpc"
          ]
        }
      ]
    },
    {
      "mode": "managed",
      "type": "aws_key_pair",
      "name": "vm",
      "provider": "provider[\"registry.terraform.io/hashicorp/aws\"]",
      "instances": [
        {
          "schema_version": 1,
          "attributes": {
            "arn": "arn:aws:ec2:eu-west-2:033721306154:key-pair/vm_multy",
            "fingerprint": "01:b9:fa:77:6d:f7:2a:50:41:35:0c:d1:70:d9:ab:7f",
            "id": "vm_multy",
            "key_name": "vm_multy",
            "key_name_prefix": "",
            "key_pair_id": "key-0c238f13e7ddf64c1",
            "public_key": "ssh-rsa AAAAB3NzaC1yc2EAAAADAQABAAABgQDCN1/Ho9tQqeUEW31gaQqXXyueaQ3lhJwvAiGvoV4xYV0QMqe1cKmYmOdBQN5szNGNSmWZdCdyXnMWKeI+1rQIOXSBTih2v5R9mHw+BTw3DsLJztwySV3qkmEby1Jgwyif4QVN8ZpgtFiJL+8zAWRmIKHEN6p9nlJlK6UZSW9iYPcy+QtelEnerC4xf9xCEnUcYkf3DV1JCN52uNvrHdqGzkT5ecyNJqnvwRTGxrg3/u9qXB7UpZ9HUldJykSpgpgIbwdmTTGBxXzzqUbgoF3g/uA7YsDx6cP4FtsNC+Ebh1wPn4anoFPYaNFCtcJRcYNGb+QhGFKVkB0973FtRu7MJ235qSInXmYrpjrCiiiwrncnYGYQ2zCaPzjamLuiAPwNqxqIuQCppn2Ps4fLsbuj06o4U0oX+SRzcNfhuKCKeHVVlrsUuOe2mQnTBRg+qKOacVjm5V4F1PpS1uQg5C6afz9FXbg3Vb2vvmD/B5R9PPg8PqV8NFJtj6BTxtUDYpU= joao@Joaos-MBP",
            "tags": {
              "Name": "backend"
            },
            "tags_all": {
              "Name": "backend"
            }
          },
          "sensitive_attributes": [],
          "private": "eyJzY2hlbWFfdmVyc2lvbiI6IjEifQ=="
        }
      ]
    },
    {
      "mode": "managed",
      "type": "aws_route_table",
      "name": "rt_aws",
      "provider": "provider[\"registry.terraform.io/hashicorp/aws\"]",
      "instances": [
        {
          "schema_version": 0,
          "attributes": {
            "arn": "arn:aws:ec2:eu-west-2:033721306154:route-table/rtb-06334f55d13f84bfc",
            "id": "rtb-06334f55d13f84bfc",
            "owner_id": "033721306154",
            "propagating_vgws": [],
            "route": [
              {
                "carrier_gateway_id": "",
                "cidr_block": "0.0.0.0/0",
                "destination_prefix_list_id": "",
                "egress_only_gateway_id": "",
                "gateway_id": "igw-01f5a1e401f512ac3",
                "instance_id": "",
                "ipv6_cidr_block": "",
                "local_gateway_id": "",
                "nat_gateway_id": "",
                "network_interface_id": "",
                "transit_gateway_id": "",
                "vpc_endpoint_id": "",
                "vpc_peering_connection_id": ""
              }
            ],
            "tags": {
              "Name": "backend"
            },
            "tags_all": {
              "Name": "backend"
            },
            "timeouts": null,
            "vpc_id": "vpc-09ad6e747b6a96c80"
          },
          "sensitive_attributes": [],
          "private": "eyJlMmJmYjczMC1lY2FhLTExZTYtOGY4OC0zNDM2M2JjN2M0YzAiOnsiY3JlYXRlIjozMDAwMDAwMDAwMDAsImRlbGV0ZSI6MzAwMDAwMDAwMDAwLCJ1cGRhdGUiOjEyMDAwMDAwMDAwMH19",
          "dependencies": [
            "aws_internet_gateway.example_vn_aws",
            "aws_vpc.main_vpc"
          ]
        }
      ]
    },
    {
      "mode": "managed",
      "type": "aws_route_table_association",
      "name": "rta",
      "provider": "provider[\"registry.terraform.io/hashicorp/aws\"]",
      "instances": [
        {
          "schema_version": 0,
          "attributes": {
            "gateway_id": "",
            "id": "rtbassoc-0355cc96503b2fffd",
            "route_table_id": "rtb-06334f55d13f84bfc",
            "subnet_id": "subnet-0326f4667bbdd5d62"
          },
          "sensitive_attributes": [],
          "private": "bnVsbA==",
          "dependencies": [
            "aws_internet_gateway.example_vn_aws",
            "aws_route_table.rt_aws",
            "aws_subnet.subnet",
            "aws_vpc.main_vpc"
          ]
        }
      ]
    },
    {
      "mode": "managed",
      "type": "aws_s3_bucket",
      "name": "tfstate_bucket",
      "provider": "provider[\"registry.terraform.io/hashicorp/aws\"]",
      "instances": [
        {
          "schema_version": 0,
          "attributes": {
            "acceleration_status": "",
            "acl": "private",
            "arn": "arn:aws:s3:::multy-users-tfstate",
            "bucket": "multy-users-tfstate",
            "bucket_domain_name": "multy-users-tfstate.s3.amazonaws.com",
            "bucket_prefix": null,
            "bucket_regional_domain_name": "multy-users-tfstate.s3.eu-west-2.amazonaws.com",
            "cors_rule": [],
            "force_destroy": false,
            "grant": [],
            "hosted_zone_id": "Z3GKZC51ZF0DB4",
            "id": "multy-users-tfstate",
            "lifecycle_rule": [],
            "logging": [],
            "object_lock_configuration": [],
            "object_lock_enabled": false,
            "policy": "",
            "region": "eu-west-2",
            "replication_configuration": [],
            "request_payer": "BucketOwner",
            "server_side_encryption_configuration": [],
            "tags": {
              "Name": "backend"
            },
            "tags_all": {
              "Name": "backend"
            },
            "versioning": [
              {
                "enabled": false,
                "mfa_delete": false
              }
            ],
            "website": [],
            "website_domain": null,
            "website_endpoint": null
          },
          "sensitive_attributes": [],
          "private": "bnVsbA=="
        }
      ]
    },
    {
      "mode": "managed",
      "type": "aws_security_group",
      "name": "nsg2_aws",
      "provider": "provider[\"registry.terraform.io/hashicorp/aws\"]",
      "instances": [
        {
          "schema_version": 1,
          "attributes": {
            "arn": "arn:aws:ec2:eu-west-2:033721306154:security-group/sg-008b19551d219d915",
            "description": "Managed by Terraform",
            "egress": [
              {
                "cidr_blocks": [
                  "0.0.0.0/0"
                ],
                "description": "",
                "from_port": 22,
                "ipv6_cidr_blocks": [],
                "prefix_list_ids": [],
                "protocol": "tcp",
                "security_groups": [],
                "self": false,
                "to_port": 22
              },
              {
                "cidr_blocks": [
                  "0.0.0.0/0"
                ],
                "description": "",
                "from_port": 443,
                "ipv6_cidr_blocks": [],
                "prefix_list_ids": [],
                "protocol": "tcp",
                "security_groups": [],
                "self": false,
                "to_port": 443
              },
              {
                "cidr_blocks": [
                  "0.0.0.0/0"
                ],
                "description": "",
                "from_port": 8000,
                "ipv6_cidr_blocks": [],
                "prefix_list_ids": [],
                "protocol": "tcp",
                "security_groups": [],
                "self": false,
                "to_port": 8000
              },
              {
                "cidr_blocks": [
                  "0.0.0.0/0"
                ],
                "description": "",
                "from_port": 80,
                "ipv6_cidr_blocks": [],
                "prefix_list_ids": [],
                "protocol": "tcp",
                "security_groups": [],
                "self": false,
                "to_port": 80
              },
              {
                "cidr_blocks": [
                  "10.0.0.0/16"
                ],
                "description": "",
                "from_port": 0,
                "ipv6_cidr_blocks": [],
                "prefix_list_ids": [],
                "protocol": "-1",
                "security_groups": [],
                "self": false,
                "to_port": 0
              }
            ],
            "id": "sg-008b19551d219d915",
            "ingress": [
              {
                "cidr_blocks": [
                  "0.0.0.0/0"
                ],
                "description": "",
                "from_port": 22,
                "ipv6_cidr_blocks": [],
                "prefix_list_ids": [],
                "protocol": "tcp",
                "security_groups": [],
                "self": false,
                "to_port": 22
              },
              {
                "cidr_blocks": [
                  "0.0.0.0/0"
                ],
                "description": "",
                "from_port": 443,
                "ipv6_cidr_blocks": [],
                "prefix_list_ids": [],
                "protocol": "tcp",
                "security_groups": [],
                "self": false,
                "to_port": 443
              },
              {
                "cidr_blocks": [
                  "0.0.0.0/0"
                ],
                "description": "",
                "from_port": 8000,
                "ipv6_cidr_blocks": [],
                "prefix_list_ids": [],
                "protocol": "tcp",
                "security_groups": [],
                "self": false,
                "to_port": 8000
              },
              {
                "cidr_blocks": [
                  "0.0.0.0/0"
                ],
                "description": "",
                "from_port": 80,
                "ipv6_cidr_blocks": [],
                "prefix_list_ids": [],
                "protocol": "tcp",
                "security_groups": [],
                "self": false,
                "to_port": 80
              },
              {
                "cidr_blocks": [
                  "10.0.0.0/16"
                ],
                "description": "",
                "from_port": 0,
                "ipv6_cidr_blocks": [],
                "prefix_list_ids": [],
                "protocol": "-1",
                "security_groups": [],
                "self": false,
                "to_port": 0
              }
            ],
            "name": "terraform-20220316161224507300000001",
            "name_prefix": "terraform-",
            "owner_id": "033721306154",
            "revoke_rules_on_delete": false,
            "tags": {
              "Name": "backend"
            },
            "tags_all": {
              "Name": "backend"
            },
            "timeouts": null,
            "vpc_id": "vpc-09ad6e747b6a96c80"
          },
          "sensitive_attributes": [],
          "private": "eyJlMmJmYjczMC1lY2FhLTExZTYtOGY4OC0zNDM2M2JjN2M0YzAiOnsiY3JlYXRlIjo2MDAwMDAwMDAwMDAsImRlbGV0ZSI6OTAwMDAwMDAwMDAwfSwic2NoZW1hX3ZlcnNpb24iOiIxIn0=",
          "dependencies": [
            "aws_vpc.main_vpc"
          ]
        }
      ]
    },
    {
      "mode": "managed",
      "type": "aws_subnet",
      "name": "subnet",
      "provider": "provider[\"registry.terraform.io/hashicorp/aws\"]",
      "instances": [
        {
          "schema_version": 1,
          "attributes": {
            "arn": "arn:aws:ec2:eu-west-2:033721306154:subnet/subnet-0326f4667bbdd5d62",
            "assign_ipv6_address_on_creation": false,
            "availability_zone": "eu-west-2a",
            "availability_zone_id": "euw2-az2",
            "cidr_block": "10.0.1.0/24",
            "customer_owned_ipv4_pool": "",
            "enable_dns64": false,
            "enable_resource_name_dns_a_record_on_launch": false,
            "enable_resource_name_dns_aaaa_record_on_launch": false,
            "id": "subnet-0326f4667bbdd5d62",
            "ipv6_cidr_block": "",
            "ipv6_cidr_block_association_id": "",
            "ipv6_native": false,
            "map_customer_owned_ip_on_launch": false,
            "map_public_ip_on_launch": false,
            "outpost_arn": "",
            "owner_id": "033721306154",
            "private_dns_hostname_type_on_launch": "ip-name",
            "tags": {
              "Name": "backend"
            },
            "tags_all": {
              "Name": "backend"
            },
            "timeouts": null,
            "vpc_id": "vpc-09ad6e747b6a96c80"
          },
          "sensitive_attributes": [],
          "private": "eyJlMmJmYjczMC1lY2FhLTExZTYtOGY4OC0zNDM2M2JjN2M0YzAiOnsiY3JlYXRlIjo2MDAwMDAwMDAwMDAsImRlbGV0ZSI6MTIwMDAwMDAwMDAwMH0sInNjaGVtYV92ZXJzaW9uIjoiMSJ9",
          "dependencies": [
            "aws_vpc.main_vpc"
          ]
        }
      ]
    },
    {
      "mode": "managed",
      "type": "aws_vpc",
      "name": "main_vpc",
      "provider": "provider[\"registry.terraform.io/hashicorp/aws\"]",
      "instances": [
        {
          "schema_version": 1,
          "attributes": {
            "arn": "arn:aws:ec2:eu-west-2:033721306154:vpc/vpc-09ad6e747b6a96c80",
            "assign_generated_ipv6_cidr_block": false,
            "cidr_block": "10.0.0.0/16",
            "default_network_acl_id": "acl-09dd250704ec998c9",
            "default_route_table_id": "rtb-05396e555f979640c",
            "default_security_group_id": "sg-06e1b863192614b11",
            "dhcp_options_id": "dopt-5e2e0036",
            "enable_classiclink": false,
            "enable_classiclink_dns_support": false,
            "enable_dns_hostnames": true,
            "enable_dns_support": true,
            "id": "vpc-09ad6e747b6a96c80",
            "instance_tenancy": "default",
            "ipv4_ipam_pool_id": null,
            "ipv4_netmask_length": null,
            "ipv6_association_id": "",
            "ipv6_cidr_block": "",
            "ipv6_cidr_block_network_border_group": "",
            "ipv6_ipam_pool_id": "",
            "ipv6_netmask_length": 0,
            "main_route_table_id": "rtb-05396e555f979640c",
            "owner_id": "033721306154",
            "tags": {
              "Name": "backend"
            },
            "tags_all": {
              "Name": "backend"
            }
          },
          "sensitive_attributes": [],
          "private": "eyJzY2hlbWFfdmVyc2lvbiI6IjEifQ=="
        }
      ]
    }
  ]
}
